# This file is automatically @generated by Poetry 2.4.1 and should not be changed by hand.

[[package]]
name = "colorama"
version = "0.4.6"
description = "Cross-platform colored terminal text."
optional = false
python-versions = "!=3.0.*,!=3.1.*,!=3.2.*,!=3.3.*,!=3.4.*,!=3.5.*,!=3.6.*,>=2.7"
groups = ["test"]
markers = "sys_platform == \"win32\""
files = [
    {file = "colorama-0.4.6-py2.py3-none-any.whl", hash = "sha256:4f1d9991f5acc0ca119f9d443620b77f9d6b33703e51011c16baf57afb285fc6"},
    {file = "colorama-0.4.6.tar.gz", hash = "sha256:08695f5cb7ed6e0531a20572697297273c47b8cae5a63ffc6d6ed5c201be6e44"},
]

[[package]]
name = "iniconfig"
version = "2.0.0"
description = "brain-dead simple config-ini parsing"
optional = false
python-versions = ">=3.7"
groups = ["test"]
files = [
    {file = "iniconfig-2.0.0-py3-none-any.whl", hash = "sha256:b6a85871a79d2e3b22d2d1b94ac2824226a63c6b741c88f7ae975f18b6778374"},
    {file = "iniconfig-2.0.0.tar.gz", hash = "sha256:2d91e135bf72d31a410b17c16da610a82cb55f6b0477d1a902134b24a455b8b3"},
]

[[package]]
name = "numpy"
version = "2.4.6"
description = "Fundamental package for array computing in Python"
optional = false
python-versions = ">=3.11"
groups = ["main"]
markers = "python_version < \"3.14\""
files = [
    {file = "numpy-2.4.6-cp311-cp311-macosx_10_9_x86_64.whl", hash = "sha256:0280e0356c0829a18d9de1cb7eee50ec22ca639878d7240307ca0943d73cd2c4"},
    {file = "numpy-2.4.6-cp311-cp311-macosx_11_0_arm64.whl", hash = "sha256:110f8b71aacb688ec69062bb7f6938a0f8acb01b7c1c4beb453c65b6d234584d"},
    {file = "numpy-2.4.6-cp311-cp311-macosx_14_0_arm64.whl", hash = "sha256:4cfe66903cc32a9921a6733d96b19bb6abf310397581bbad89c228f5abaf0ee8"},
    {file = "numpy-2.4.6-cp311-cp311-macosx_14_0_x86_64.whl", hash = "sha256:8155154c7c691289fe18f510b5d4657c68c67989f293f0535a91360392ff6538"},
    {file = "numpy-2.4.6-cp311-cp311-manylinux_2_27_aarch64.manylinux_2_28_aarch64.whl", hash = "sha256:0ab0a9c4ffb1a6d95ef519fe4247dba8eb6b18ad93999f76b7f657039acabd47"},
    {file = "numpy-2.4.6-cp311-cp311-manylinux_2_27_x86_64.manylinux_2_28_x86_64.whl", hash = "sha256:89cd468399cfd2504718f0ba50e410dca55a170b61a02ad92bb18c8a65186e93"},
    {file = "numpy-2.4.6-cp311-cp311-musllinux_1_2_aarch64.whl", hash = "sha256:c2d37ab77531417474168eb79d6d80b14f821a966818505d03013d0833edb7a8"},
    {file = "numpy-2.4.6-cp311-cp311-musllinux_1_2_x86_64.whl", hash = "sha256:f407cb6b8e9d6d8c626bc73c945db1706035af8fd632295547bf1c9e46d092d6"},
    {file = "numpy-2.4.6-cp311-cp311-win32.whl", hash = "sha256:ddea102b48f9e339f3948bf22040944184627a30fdf7f858667673b9c5f033c8"},
    {file = "numpy-2.4.6-cp311-cp311-win_amd64.whl", hash = "sha256:1e254a00cdf42b1e4d5b3d68d33af63268d41340d8885df2ab6470f2e1500147"},
    {file = "numpy-2.4.6-cp311-cp311-win_arm64.whl", hash = "sha256:ed9749eef4cbd126da3dc1d6bcb3a57f5eb7ac6a6484146bdbf743f552dfc577"},
    {file = "numpy-2.4.6-cp312-cp312-macosx_10_13_x86_64.whl", hash = "sha256:001fbb8e08d942dd57599e781f2472269ee7f2755fae407b4f67b2f0b17da3f1"},
    {file = "numpy-2.4.6-cp312-cp312-macosx_11_0_arm64.whl", hash = "sha256:ebfb099f8dcf083deef3ac1ca4c1503f387cf76296fcb3816b66f5ecb5f54fdb"},
    {file = "numpy-2.4.6-cp312-cp312-macosx_14_0_arm64.whl", hash = "sha256:3213d622a0283a39a93d188f3cf72b26862df52fbb4ca3697f51705016523d41"},
    {file = "numpy-2.4.6-cp312-cp312-macosx_14_0_x86_64.whl", hash = "sha256:357cc07a6d7b0b182ff02249616a03742827ebb1277546b5c7cd7f7620a45698"},
    {file = "numpy-2.4.6-cp312-cp312-manylinux_2_27_aarch64.manylinux_2_28_aarch64.whl", hash = "sha256:5f9fb9157b4ce2971008323afe46053787b526ef624fea915b261468a8421a0f"},
    {file = "numpy-2.4.6-cp312-cp312-manylinux_2_27_x86_64.manylinux_2_28_x86_64.whl", hash = "sha256:90f9849678c75fe7afa2d348ac842c168b0a4d3d61919687216dfc547976d853"},
    {file = "numpy-2.4.6-cp312-cp312-musllinux_1_2_aarch64.whl", hash = "sha256:c1a2af6c6ef86344a6b0db6b97834208bf598db514f2b155042439b62605601a"},
    {file = "numpy-2.4.6-cp312-cp312-musllinux_1_2_x86_64.whl", hash = "sha256:e5805d5a22fd19c8ccff10a9561f9df94436b0545619ea579db2d3c35294bce2"},
    {file = "numpy-2.4.6-cp312-cp312-win32.whl", hash = "sha256:e3eeb0aabd6bd5ce64faae67e9935203a6991b4bc2a485a767fbafb2c5125f45"},
    {file = "numpy-2.4.6-cp312-cp312-win_amd64.whl", hash = "sha256:d8e8286dd7cea7895157318d1b91cdacac64c479f3cbc8dce548331728484751"},
    {file = "numpy-2.4.6-cp312-cp312-win_arm64.whl", hash = "sha256:4081eb135ac24158bd51cdfbef16f1c64df7063b1143f24731387137c092bec8"},
    {file = "numpy-2.4.6-cp313-cp313-macosx_10_13_x86_64.whl", hash = "sha256:511dbaf848decaaaf4b4ca48032619fb3138710c4bf7da7617765edad1ef96b0"},
    {file = "numpy-2.4.6-cp313-cp313-macosx_11_0_arm64.whl", hash = "sha256:bf162abab1c1a736333192707cef898e735a5ca00f38f27eeedf44b39d9e85eb"},
    {file = "numpy-2.4.6-cp313-cp313-macosx_14_0_arm64.whl", hash = "sha256:043191bfa8eab18c776647b62723ac9dddece59743b13f49b2016094129c2b3f"},
    {file = "numpy-2.4.6-cp313-cp313-macosx_14_0_x86_64.whl", hash = "sha256:6180d8b35af935aed8ece3a85e0a43f87393ae0ac87c8d2c8bd2c993f7270ef3"},
    {file = "numpy-2.4.6-cp313-cp313-manylinux_2_27_aarch64.manylinux_2_28_aarch64.whl", hash = "sha256:72fbe16c6fac95aedf5937fa873445cec2110be35d8a4e9433d7501fd98dae6b"},
    {file = "numpy-2.4.6-cp313-cp313-manylinux_2_27_x86_64.manylinux_2_28_x86_64.whl", hash = "sha256:a7830bab239b79cda9c08c2da014761cafb48da6150e1da17ac06283f43b6089"},
    {file = "numpy-2.4.6-cp313-cp313-musllinux_1_2_aarch64.whl", hash = "sha256:ef4aea96ce4d3b074422cb4f2f64e216bf9e213004bb58ecfdf50ea02ea8eb9a"},
    {file = "numpy-2.4.6-cp313-cp313-musllinux_1_2_x86_64.whl", hash = "sha256:dfa20cc6ca228e6b155b11da03825975ce66aea520985dbbddf0f2a5a495c605"},
    {file = "numpy-2.4.6-cp313-cp313-win32.whl", hash = "sha256:56b39e5e0622a09a25bf5baf62f4bcf0cb8a41ae6e2819cf49bbc5a74c083f91"},
    {file = "numpy-2.4.6-cp313-cp313-win_amd64.whl", hash = "sha256:c4fc99836233ea196540b17ab0983aff60ed07941751930f5f4d05bc3b3b7359"},
    {file = "numpy-2.4.6-cp313-cp313-win_arm64.whl", hash = "sha256:a7c711e21628b52034bb5ab8d1bce291f752fcc5e92accc615778acee1ff4778"},
    {file = "numpy-2.4.6-cp313-cp313t-macosx_11_0_arm64.whl", hash = "sha256:112b06a867b235ef466ed3508ddf0238050df9c727cafb5301ac385b899189a1"},
    {file = "numpy-2.4.6-cp313-cp313t-macosx_14_0_arm64.whl", hash = "sha256:eaf7fa2de5c0be8ae6ff8e9bea2ccd725e980541244521d8d4b5f3354a27babe"},
    {file = "numpy-2.4.6-cp313-cp313t-macosx_14_0_x86_64.whl", hash = "sha256:7265a2f3d436e54ef9f2b52b5c937e6be778781bd97a590319d7348f1c1ca997"},
    {file = "numpy-2.4.6-cp313-cp313t-manylinux_2_27_aarch64.manylinux_2_28_aarch64.whl", hash = "sha256:f74a575920ab21fe304421a3fc28793d82e299cae9eccb37084e9fc7f3617c20"},
    {file = "numpy-2.4.6-cp313-cp313t-manylinux_2_27_x86_64.manylinux_2_28_x86_64.whl", hash = "sha256:ede83e07a75dd06bc501566c1eca2afc0d61677c1472ac9ad93fdee6e638a48d"},
    {file = "numpy-2.4.6-cp313-cp313t-musllinux_1_2_aarch64.whl", hash = "sha256:68bb27509ac1b9a3443094260f6326150663b06abe40b73a2f81160623da5b67"},
    {file = "numpy-2.4.6-cp313-cp313t-musllinux_1_2_x86_64.whl", hash = "sha256:a0df0043bdb289bde1f62da130d20df23d58b45429f752bc7a8fc5325a225ecd"},
    {file = "numpy-2.4.6-cp313-cp313t-win32.whl", hash = "sha256:29a287e0cf63ff528da061de6b9f64a4618da591ca1046aafc54062e40ca7eab"},
    {file = "numpy-2.4.6-cp313-cp313t-win_amd64.whl", hash = "sha256:25c692919ac5a01f170a3bfcd62d745b24fd095c353d50812637d6fcab442e75"},
    {file = "numpy-2.4.6-cp313-cp313t-win_arm64.whl", hash = "sha256:1e978ec1e8bd0e0e4de6bb75de9d30cbb74db6b6a2bb727618613703ca0167dd"},
    {file = "numpy-2.4.6-cp314-cp314-macosx_10_15_x86_64.whl", hash = "sha256:06ca2f61ec4385a07a6977c55ba998a4466c123642b4a32694d3128fce18c079"},
    {file = "numpy-2.4.6-cp314-cp314-macosx_11_0_arm64.whl", hash = "sha256:38efbc8de75c7a0fc1ac190162d892787f3f47b57cc291231aafee36b80982b7"},
    {file = "numpy-2.4.6-cp314-cp314-macosx_14_0_arm64.whl", hash = "sha256:d581b735e177fdcdce6fed8e7e8880a3fb6ee4e3653a3ac6af01c6f4c03effc5"},
    {file = "numpy-2.4.6-cp314-cp314-macosx_14_0_x86_64.whl", hash = "sha256:0a041d3d761dc3c35cc56ce0351506a02bcbc25f7b169f652435141a17db9096"},
    {file = "numpy-2.4.6-cp314-cp314-manylinux_2_27_aarch64.manylinux_2_28_aarch64.whl", hash = "sha256:40fdc1ae7125e518ea98e53e69a4ebc27e1fd50510c47b7ea130cf21e5e1d42b"},
    {file = "numpy-2.4.6-cp314-cp314-manylinux_2_27_x86_64.manylinux_2_28_x86_64.whl", hash = "sha256:a2c306dea656c12c68f51f4cea133cbe78ca7435eb28c735eac1d3ebe73be6e8"},
    {file = "numpy-2.4.6-cp314-cp314-musllinux_1_2_aarch64.whl", hash = "sha256:33111801a01c12a8a1e3721f0a9232f8cfc8ae2c6b7098167e6f623c6073f402"},
    {file = "numpy-2.4.6-cp314-cp314-musllinux_1_2_x86_64.whl", hash = "sha256:ae506e6902902557576a26ff33eda8695e7ecb3cb36c3b573a0765dee114ebdb"},
    {file = "numpy-2.4.6-cp314-cp314-win32.whl", hash = "sha256:aaf159caa35993cb1f56fb9b8e4610d35758e7ca005412eb1daa856a78c9c4b1"},
    {file = "numpy-2.4.6-cp314-cp314-win_amd64.whl", hash = "sha256:b507f5c4c1d508876d1819b6bf9a49d365b96320b5d4993426b33a23ca4b8261"},
    {file = "numpy-2.4.6-cp314-cp314-win_arm64.whl", hash = "sha256:6f41ae150c4e32db4f3310cdaf64b1593a03dbabe29eec77fc9b50fe64061df6"},
    {file = "numpy-2.4.6-cp314-cp314t-macosx_11_0_arm64.whl", hash = "sha256:ece3d2cfe132e7d51f44a832b303895e6f2d499c5e74dfbdb06ee246147a304a"},
    {file = "numpy-2.4.6-cp314-cp314t-macosx_14_0_arm64.whl", hash = "sha256:e3e5193ef5a3dc73bceee50f7fdc2c90dbb76c42df8d8fae3d1067a583df579e"},
    {file = "numpy-2.4.6-cp314-cp314t-macosx_14_0_x86_64.whl", hash = "sha256:17f9ade344e7d9b464a084d69bcf18fc691cb1db67c62ed80820bf4926d78f0e"},
    {file = "numpy-2.4.6-cp314-cp314t-manylinux_2_27_aarch64.manylinux_2_28_aarch64.whl", hash = "sha256:9cd5ffd25db4e7ba6a375693b3fc0fc1791ec636c17db3720da19bde7180ec43"},
    {file = "numpy-2.4.6-cp314-cp314t-manylinux_2_27_x86_64.manylinux_2_28_x86_64.whl", hash = "sha256:7d92c3819208a60205a12a245c91ad70cb0a85336659b19b834205573ac8456e"},
    {file = "numpy-2.4.6-cp314-cp314t-musllinux_1_2_aarch64.whl", hash = "sha256:e85b752a1e912b70eaad4fafbd4d1238007ab221de2009b9a2f5ae7461239895"},
    {file = "numpy-2.4.6-cp314-cp314t-musllinux_1_2_x86_64.whl", hash = "sha256:29cb7f67d10b479ff07c17d33e39f78c07f71c40ef30d63c153d340e96cd3fb4"},
    {file = "numpy-2.4.6-cp314-cp314t-win32.whl", hash = "sha256:260a5d70215b61ab4fadf5c7baacd64821842975eea312125ed3c39a6391b063"},
    {file = "numpy-2.4.6-cp314-cp314t-win_amd64.whl", hash = "sha256:81a1cca95ed5bb92aa8b10dd2cdc9a0d3853a50fad926c28b5d7e8ea54389627"},
    {file = "numpy-2.4.6-cp314-cp314t-win_arm64.whl", hash = "sha256:0c9136e14ed34a9e343a31c533d78a9813a69a3148332bce5e9821cb2f996e66"},
    {file = "numpy-2.4.6-pp311-pypy311_pp73-macosx_10_15_x86_64.whl", hash = "sha256:55cced7c52e981362f708ad635198e97a752dfba412cc03c23bbf3bd8d5cd662"},
    {file = "numpy-2.4.6-pp311-pypy311_pp73-macosx_11_0_arm64.whl", hash = "sha256:d6da64deb6b8ed903e7560180a92f2d804ee1ba5eeb849ac2748b8c1aba1f6d7"},
    {file = "numpy-2.4.6-pp311-pypy311_pp73-macosx_14_0_arm64.whl", hash = "sha256:68a5124b13fa6cc2086764a20005d30bc0548146f7f5322f02fce212ca14317f"},
    {file = "numpy-2.4.6-pp311-pypy311_pp73-macosx_14_0_x86_64.whl", hash = "sha256:948424b06129ce883307e8cff868c31396d8dc7630a59c61d70d98dbe70f222c"},
    {file = "numpy-2.4.6-pp311-pypy311_pp73-manylinux_2_27_aarch64.manylinux_2_28_aarch64.whl", hash = "sha256:5dbbdb29840ca3d91ee0fece42fc29278886d908280bfec0a5846c6f901a3eb0"},
    {file = "numpy-2.4.6-pp311-pypy311_pp73-manylinux_2_27_x86_64.manylinux_2_28_x86_64.whl", hash = "sha256:8ad03c0965fb3c692200e74d458ca28c1dbb4ce96f9a479a8aa041ad5fabca02"},
    {file = "numpy-2.4.6-pp311-pypy311_pp73-win_amd64.whl", hash = "sha256:2803abfebfc990042cd494d8ce2d5f82e9d847af6d35ec486923aa19dbad5e73"},
    {file = "numpy-2.4.6.tar.gz", hash = "sha256:f3a3570c4a2a16746ac2c31a7c7c7b0c186b95ce902e33db6f28094ed7387dda"},
]

[[package]]
name = "numpy"
version = "2.5.2"
description = "Fundamental package for array computing in Python"
optional = false
python-versions = ">=3.12"
groups = ["main"]
markers = "python_version >= \"3.14\""
files = [
    {file = "numpy-2.5.2-cp312-cp312-macosx_10_13_x86_64.whl", hash = "sha256:14e373cfc6387177e8409dac3c7159be8eb05cd77096cd7c950268b86f62831c"},
    {file = "numpy-2.5.2-cp312-cp312-macosx_11_0_arm64.whl", hash = "sha256:4bbd96c833ecc8cc069ce518078fc8c60cb9cbfb0fea5b7a803ad65035596d03"},
    {file = "numpy-2.5.2-cp312-cp312-macosx_14_0_arm64.whl", hash = "sha256:6e8172ddfcf5cf74b811d372b570b83c60bd2de87a6fbfbebdadb4a9bd9c6cbb"},
    {file = "numpy-2.5.2-cp312-cp312-macosx_14_0_x86_64.whl", hash = "sha256:65f188481f1669e26f62b701e8205d19e460fa4a9b52a1414ba382330e4a3414"},
    {file = "numpy-2.5.2-cp312-cp312-manylinux_2_27_aarch64.manylinux_2_28_aarch64.whl", hash = "sha256:8ee9c4eeb8454b3660a8b53493563c3e121c2fc94fbd72b848ef814ed7b676a9"},
    {file = "numpy-2.5.2-cp312-cp312-manylinux_2_27_x86_64.manylinux_2_28_x86_64.whl", hash = "sha256:3cdec01fa790a186d430433fdd4d4ffb70eed6f0eeb4bf05c8dbe2dce0a9bcb8"},
    {file = "numpy-2.5.2-cp312-cp312-musllinux_1_2_aarch64.whl", hash = "sha256:7999d4ddb0c4025018373fd787510d46e04c769467af22869707b3c1cfd459ab"},
    {file = "numpy-2.5.2-cp312-cp312-musllinux_1_2_x86_64.whl", hash = "sha256:c1f017dc0875c9209d219f97feceb7d54c2661bb243deb4114478e1295808af7"},
    {file = "numpy-2.5.2-cp312-cp312-win32.whl", hash = "sha256:d6a48072864e3324e194a8fbb3c657bcc5b5c869dbc64c9537b1d5c862572c0a"},
    {file = "numpy-2.5.2-cp312-cp312-win_amd64.whl", hash = "sha256:28ac63476ec7651484215ee7fa15a1f78b57c14621f01e392afe17b9a1390ce4"},
    {file = "numpy-2.5.2-cp312-cp312-win_arm64.whl", hash = "sha256:27650bb0e7140fa3d37b9923b4803645e0b125d190f326eecfd3f4dad8e8ade1"},
    {file = "numpy-2.5.2-cp313-cp313-macosx_10_13_x86_64.whl", hash = "sha256:8e4cb9a754c8a0c62eaa88273a5fba3391f4a610d1dee893c0755da31c083f15"},
    {file = "numpy-2.5.2-cp313-cp313-macosx_11_0_arm64.whl", hash = "sha256:52c808f96484f5571a5cc863775ce50247c17dfb3b0361f8ed6b4b0456f80080"},
    {file = "numpy-2.5.2-cp313-cp313-macosx_14_0_arm64.whl", hash = "sha256:29d81e97f668489cba8ebfd796b9bdd453525d35dd9e162e2daec94bf3fc7740"},
    {file = "numpy-2.5.2-cp313-cp313-macosx_14_0_x86_64.whl", hash = "sha256:afb3f0632d6b2e3ba04dbce8d1e48d321b369138b73830b5ca371a0e8d479d56"},
    {file = "numpy-2.5.2-cp313-cp313-manylinux_2_27_aarch64.manylinux_2_28_aarch64.whl", hash = "sha256:0aadf13b60048d501e05fa699efaf7734e2494f3498a4c2a5521d822640324f3"},
    {file = "numpy-2.5.2-cp313-cp313-manylinux_2_27_x86_64.manylinux_2_28_x86_64.whl", hash = "sha256:29b86ff8a6cc556b47ec6b64b194815cc80e6bf5eedcc6cddfd65318cb0b4eee"},
    {file = "numpy-2.5.2-cp313-cp313-musllinux_1_2_aarch64.whl", hash = "sha256:6950c4b7dd562453090548ba7f5da7e59f57f85663f15d5dcc60e249192f7e59"},
    {file = "numpy-2.5.2-cp313-cp313-musllinux_1_2_x86_64.whl", hash = "sha256:b9727f472d2f3888053b8a75ab0cb94745a9de224bb5846dbadc0092101bc71d"},
    {file = "numpy-2.5.2-cp313-cp313-win32.whl", hash = "sha256:4f9744f9fbdcea0bc552e8f19e1f141f811a3f9bc2be2cc6e86d982cab23e3f4"},
    {file = "numpy-2.5.2-cp313-cp313-win_amd64.whl", hash = "sha256:85aaccb24182c25df891ad0ec333585967e115269d5f1b17f2c9ae005bc96657"},
    {file = "numpy-2.5.2-cp313-cp313-win_arm64.whl", hash = "sha256:bd68ece1553d2023c09a4226d9e41c586ad2d20594d1a456186c33513d2cb3f2"},
    {file = "numpy-2.5.2-cp314-cp314-macosx_10_15_x86_64.whl", hash = "sha256:d787cf769c3baeb5f6235e778edb52c08dfa923789b5958f28e6450f96107cb1"},
    {file = "numpy-2.5.2-cp314-cp314-macosx_11_0_arm64.whl", hash = "sha256:24b9dc2e3d84aa58523798805194e23e736f3f6ce2d1a5b92583ae734e6dbda8"},
    {file = "numpy-2.5.2-cp314-cp314-macosx_14_0_arm64.whl", hash = "sha256:9e9413326d726c2545bfa65d2c0876871e8d8386e77f992c1d426e180bbd4323"},
    {file = "numpy-2.5.2-cp314-cp314-macosx_14_0_x86_64.whl", hash = "sha256:60e902ac295855348a5ca2ea4c89108989a9f5fddfad3dfc0a8f36b10358567e"},
    {file = "numpy-2.5.2-cp314-cp314-manylinux_2_27_aarch64.manylinux_2_28_aarch64.whl", hash = "sha256:50e500dc868e9313530ce12ba470fe50ff3afe3d62993ed6eff652dacd555b65"},
    {file = "numpy-2.5.2-cp314-cp314-manylinux_2_27_x86_64.manylinux_2_28_x86_64.whl", hash = "sha256:318b9a4c845dbea06708a29c84ee429cc3065048db34cdb799047643492050ee"},
    {file = "numpy-2.5.2-cp314-cp314-musllinux_1_2_aarch64.whl", hash = "sha256:34c319e2963be042673fb46570501b2f06c41924e17e3563d58646b4380dfb68"},
    {file = "numpy-2.5.2-cp314-cp314-musllinux_1_2_x86_64.whl", hash = "sha256:f06571a052127dc1b4e8b83029b4d1b20daa2b64a31cdd181fc6bc774e9000eb"},
    {file = "numpy-2.5.2-cp314-cp314-win32.whl", hash = "sha256:2cc779226e476d1e1f08c74068c419e60f41a9e0e069c92f6671d31d5c985e98"},
    {file = "numpy-2.5.2-cp314-cp314-win_amd64.whl", hash = "sha256:7587f53dfbd5edc0f7b87c6217b4c6d2d1f2ef9c3da70bc1315e7db5f8d7ec9d"},
    {file = "numpy-2.5.2-cp314-cp314-win_arm64.whl", hash = "sha256:3e4c367352d3747784248a227fbec218e193b56f7e6692e3b64fc805478ecfdf"},
    {file = "numpy-2.5.2-cp314-cp314t-macosx_11_0_arm64.whl", hash = "sha256:b879fb674276e331513fb136b78dbc6bd3c848309e0d841cfd63be3896c4cfc1"},
    {file = "numpy-2.5.2-cp314-cp314t-macosx_14_0_arm64.whl", hash = "sha256:fd0d703772bba096843785bd38371e31bb4a0c1151497ad5739d182114a73f7f"},
    {file = "numpy-2.5.2-cp314-cp314t-macosx_14_0_x86_64.whl", hash = "sha256:3a2f061cebd9e3d23bdcfaaded5e2293a4c6a5b60fa42df85d410a725ce621bf"},
    {file = "numpy-2.5.2-cp314-cp314t-manylinux_2_27_aarch64.manylinux_2_28_aarch64.whl", hash = "sha256:6df895598c0edcb41030126c89e0f353b07d93238116143b7405e937359736c4"},
    {file = "numpy-2.5.2-cp314-cp314t-manylinux_2_27_x86_64.manylinux_2_28_x86_64.whl", hash = "sha256:1ab3d4a901f844ea836c3e80bf463c6a27d7f3c14e8e292fcf28d348b25b9bce"},
    {file = "numpy-2.5.2-cp314-cp314t-musllinux_1_2_aarch64.whl", hash = "sha256:cebc2d6dbb605a7703d59751dea4bd6b0ab127a5a4338a6f432df1936fef8b26"},
    {file = "numpy-2.5.2-cp314-cp314t-musllinux_1_2_x86_64.whl", hash = "sha256:eaca7ff36f0f52e2111ec71f169d8fd3e889e7ddc0d2592e0d703fd8d3ce8fac"},
    {file = "numpy-2.5.2-cp314-cp314t-win32.whl", hash = "sha256:ddf47472af2e4280d79bac82304f5e80150211f1b9e614b760061d5fdfbb6eba"},
    {file = "numpy-2.5.2-cp314-cp314t-win_amd64.whl", hash = "sha256:44ef9675d908e65f9953063837c3277730f3f4437615a4cdab67b366cabaf884"},
    {file = "numpy-2.5.2-cp314-cp314t-win_arm64.whl", hash = "sha256:eaa088384c46f519dacb93b7ec483a6d6b19a4a2085ae4f25ab9b1c43d387d1e"},
    {file = "numpy-2.5.2-cp315-cp315-macosx_10_15_x86_64.whl", hash = "sha256:078f9b027b478c9379b9677babbf0f8b8f1ecfada27636d7b9a93990c638739f"},
    {file = "numpy-2.5.2-cp315-cp315-macosx_11_0_arm64.whl", hash = "sha256:50a68f4bacd8a2b33d8da3d2269d0d78500f86ea582e4786dc10f5ef2c2c6842"},
    {file = "numpy-2.5.2-cp315-cp315-macosx_14_0_arm64.whl", hash = "sha256:e79aba74ffaf5f78a050d777c184cddf8fdffabab38acf5f3ef1fecbc17895d6"},
    {file = "numpy-2.5.2-cp315-cp315-macosx_14_0_x86_64.whl", hash = "sha256:9a0731745a72a184490a582fb4af2533512bd071ace67785b5fdffc0ae58dce8"},
    {file = "numpy-2.5.2-cp315-cp315-manylinux_2_27_aarch64.manylinux_2_28_aarch64.whl", hash = "sha256:4ec954036759bcee3aa484f8603bd9c14f3e776293b85578b8734c2d72777c69"},
    {file = "numpy-2.5.2-cp315-cp315-manylinux_2_27_x86_64.manylinux_2_28_x86_64.whl", hash = "sha256:dc649493697006bc90614a5f0bbc8cb3cb1866715c474e473694968d7e6b99ab"},
    {file = "numpy-2.5.2-cp315-cp315-musllinux_1_2_aarch64.whl", hash = "sha256:cf7de32f486e4ac9e2d93b810f9e9ac72a728dd46a32a0bb403222f27f653514"},
    {file = "numpy-2.5.2-cp315-cp315-musllinux_1_2_x86_64.whl", hash = "sha256:2ffa7bacab3e2ee1b19ed31766bb60bb380b68c23f051e199c5cc598afd68710"},
    {file = "numpy-2.5.2-cp315-cp315-win32.whl", hash = "sha256:6b588cc8f902d6bff201c19fd00c43ab8545671e3554d014e12e14139e5e8617"},
    {file = "numpy-2.5.2-cp315-cp315-win_amd64.whl", hash = "sha256:07d4e89f3a9ab0a9ba24264ccdb642b3dd951b2281e8883a5481a4aa79cc31a7"},
    {file = "numpy-2.5.2-cp315-cp315-win_arm64.whl", hash = "sha256:a610dc7e3c52edd39c2bc2375ff9c3fd59cb3ad00e4472d36f83bc1457145788"},
    {file = "numpy-2.5.2-cp315-cp315t-macosx_10_15_x86_64.whl", hash = "sha256:40f4d451aed46a8046a1aae41c4e55fb3612273df9c502480135e1501576a34b"},
    {file = "numpy-2.5.2-cp315-cp315t-macosx_11_0_arm64.whl", hash = "sha256:c081cbe16ba1ab53078e5ff29013621e33c509eedab055775d956427712c236e"},
    {file = "numpy-2.5.2-cp315-cp315t-macosx_14_0_arm64.whl", hash = "sha256:0090ccdd57ec2703e9b49d0bf554767370581c1dd0a6b2bb2b2d9def317d042a"},
    {file = "numpy-2.5.2-cp315-cp315t-macosx_14_0_x86_64.whl", hash = "sha256:6a9bb119fb8dd21ba30b3f0e555b7e2b081bd9883af21ec9c1c633d161cda3a8"},
    {file = "numpy-2.5.2-cp315-cp315t-manylinux_2_27_aarch64.manylinux_2_28_aarch64.whl", hash = "sha256:a839318485284a6fb31be4f8f2c91c8f2cb22f4543c4a8903f12b0671ffe07cc"},
    {file = "numpy-2.5.2-cp315-cp315t-manylinux_2_27_x86_64.manylinux_2_28_x86_64.whl", hash = "sha256:ba0a474801b8dc67b66bf465548abc90e82b44d2611b5770f33008dcabffe8ec"},
    {file = "numpy-2.5.2-cp315-cp315t-musllinux_1_2_aarch64.whl", hash = "sha256:0a4035ae1129ff8777f08bfbd44f1e5d8e9c049ce0c2dd78fc0d92c13e7251c0"},
    {file = "numpy-2.5.2-cp315-cp315t-musllinux_1_2_x86_64.whl", hash = "sha256:77843ca236b777e67f8d6b3660ea116e499612703a0ecd7093f316201eb9d8e2"},
    {file = "numpy-2.5.2-cp315-cp315t-win32.whl", hash = "sha256:7354826bc6f8f69402e9b7fe28d15fcd34feebd74f856f111585c5b0c9fb0251"},
    {file = "numpy-2.5.2-cp315-cp315t-win_amd64.whl", hash = "sha256:e5651f3f87add730ee6608d915009e19c911fba0cb000c7e3ea994b7d768eb12"},
    {file = "numpy-2.5.2-cp315-cp315t-win_arm64.whl", hash = "sha256:5f8e00be2ec6f45f4e8a41a527f68d44a7d96fee92a650e4d8b1326f77f61e6e"},
    {file = "numpy-2.5.2.tar.gz", hash = "sha256:d482d171c406ae88c5b19cad3b6a1c4c5209f886ab74bc44c2c865c23f52d860"},
]

[[package]]
name = "packaging"
version = "23.1"
description = "Core utilities for Python packages"
optional = false
python-versions = ">=3.7"
groups = ["test"]
files = [
    {file = "packaging-23.1-py3-none-any.whl", hash = "sha256:994793af429502c4ea2ebf6bf664629d07c1a9fe974af92966e4b8d2df7edc61"},
    {file = "packaging-23.1.tar.gz", hash = "sha256:a392980d2b6cffa644431898be54b0045151319d1e7ec34f0cfed48767dd334f"},
]

[[package]]
name = "pandas"
version = "3.0.5"
description = "Powerful data structures for data analysis, time series, and statistics"
optional = false
python-versions = ">=3.11"
groups = ["main"]
files = [
    {file = "pandas-3.0.5-cp311-cp311-macosx_10_9_x86_64.whl", hash = "sha256:2946e77e4a53cd248cbde631a12f0e51c8324ce354c3eba4d20147c1ad6f4282"},
    {file = "pandas-3.0.5-cp311-cp311-macosx_11_0_arm64.whl", hash = "sha256:71ecc8fb7ed1a7aa4392316b5309a6347e8e7f832f38fd897846b3a1457a9298"},
    {file = "pandas-3.0.5-cp311-cp311-manylinux_2_24_aarch64.manylinux_2_28_aarch64.whl", hash = "sha256:b173f5951ff6b8b0ec7675e20dff3c97b7e7a57dfcce387c2d7c5afe87cb7899"},
    {file = "pandas-3.0.5-cp311-cp311-manylinux_2_24_x86_64.manylinux_2_28_x86_64.whl", hash = "sha256:2c0cf1dd9b55a22d105fc46c1b489af3bd42264fcba7c66297bf47a9a1d9c78a"},
    {file = "pandas-3.0.5-cp311-cp311-musllinux_1_2_aarch64.whl", hash = "sha256:0fac0010c75e4efb6b99e249c183a8993ce0dc95c240f9b120a5e67c727b7928"},
    {file = "pandas-3.0.5-cp311-cp311-musllinux_1_2_x86_64.whl", hash = "sha256:08d24fe11a17dc33bd6e937dc9c665f9cba08fbdc9f657f405713515febe300d"},
    {file = "pandas-3.0.5-cp311-cp311-win_amd64.whl", hash = "sha256:b1261758dfb6cf12c3cff8300e21cefad30e7ec709abb4c24ac7318e6a52462a"},
    {file = "pandas-3.0.5-cp311-cp311-win_arm64.whl", hash = "sha256:679f4e85b30ddb1515458ab1e788d3e260eae369b1f78da7a3aa4cac8ebf4a2a"},
    {file = "pandas-3.0.5-cp312-cp312-macosx_10_13_x86_64.whl", hash = "sha256:fa290c16964d4963fbfbc358928239cf3bd755b20e988ce944877def2f44471d"},
    {file = "pandas-3.0.5-cp312-cp312-macosx_11_0_arm64.whl", hash = "sha256:c2e26bb46934b8a2ca0c3de1d3d606fc5f6746584791b2db264d58cf370e08dc"},
    {file = "pandas-3.0.5-cp312-cp312-manylinux_2_24_aarch64.manylinux_2_28_aarch64.whl", hash = "sha256:73fa87b08a7ef706f8aafda39ddaccf2a99047bea62d8c88a0361bcafb2237bc"},
    {file = "pandas-3.0.5-cp312-cp312-manylinux_2_24_x86_64.manylinux_2_28_x86_64.whl", hash = "sha256:d373ce03ffd84010ed9839fa73672a9c8256990532e158440c0085db7d914b34"},
    {file = "pandas-3.0.5-cp312-cp312-musllinux_1_2_aarch64.whl", hash = "sha256:2a29c53d85ea98c5e792c59ef82ee9fbe6ca902c0d0adb6b23f45ef894cd7bf6"},
    {file = "pandas-3.0.5-cp312-cp312-musllinux_1_2_x86_64.whl", hash = "sha256:a5ad3b02ed6bc7d7ae9b70804b2c6aa31827489d150f8e623ce82491b82085d7"},
    {file = "pandas-3.0.5-cp312-cp312-pyemscripten_2024_0_wasm32.whl", hash = "sha256:b2acb4650527eec6822c3dadb2b771277b65e7dae7a267d4bccf65fd1bb3fbce"},
    {file = "pandas-3.0.5-cp312-cp312-win_amd64.whl", hash = "sha256:80a611068e8a3ac23f7398c6c14eb46dc974e5cc9997f653e2dcfd1da74edd41"},
    {file = "pandas-3.0.5-cp312-cp312-win_arm64.whl", hash = "sha256:25ff585b972a18ef1fe9ffa3ac6544d9950508aa76832e5147640b6022821e49"},
    {file = "pandas-3.0.5-cp313-cp313-macosx_10_13_x86_64.whl", hash = "sha256:c1c05a767fe8e5b4fe9e1c29806829c582052eaedb9120a3da83ba3f69e24a5b"},
    {file = "pandas-3.0.5-cp313-cp313-macosx_11_0_arm64.whl", hash = "sha256:b86765f268b56f7e665b93bce9d5df69dee7f99e595cf8fb839483ab315942a3"},
    {file = "pandas-3.0.5-cp313-cp313-manylinux_2_24_aarch64.manylinux_2_28_aarch64.whl", hash = "sha256:c597ecf5616b5c420372c1d4d4c00dbbfba7398bea857dcc984347e1ea48417b"},
    {file = "pandas-3.0.5-cp313-cp313-manylinux_2_24_x86_64.manylinux_2_28_x86_64.whl", hash = "sha256:4b11c36e218331d0387cbe3a0a5f75162357a1d92d57b2b08a336ff94b19b2be"},
    {file = "pandas-3.0.5-cp313-cp313-musllinux_1_2_aarch64.whl", hash = "sha256:cf52e1f61d229496da17dc7ab54acdee627357e7008fd4fecba3d0ba2937fa58"},
    {file = "pandas-3.0.5-cp313-cp313-musllinux_1_2_x86_64.whl", hash = "sha256:db172144bb56422bd157812f3b021eacc255451470b31e2c633c349490a1cfee"},
    {file = "pandas-3.0.5-cp313-cp313-win_amd64.whl", hash = "sha256:0d298e951f23016ce4699951d044ae6418dbc91bf68cefca0f77666fcbb4e5c6"},
    {file = "pandas-3.0.5-cp313-cp313-win_arm64.whl", hash = "sha256:66266d3442a5e8b3c90274c2b8b230bee42dd1c286bc822cc2f9f2c7e12b883e"},
    {file = "pandas-3.0.5-cp314-cp314-macosx_10_15_x86_64.whl", hash = "sha256:2f264fc46911cc8131a7322a16199bbf8e353d27c10bb211f5bd0c814324dc36"},
    {file = "pandas-3.0.5-cp314-cp314-macosx_11_0_arm64.whl", hash = "sha256:53730687fcd161883b24e10411c06d6a4c0f2275d2faf3bb2bc25deb4ba8007c"},
    {file = "pandas-3.0.5-cp314-cp314-manylinux_2_24_aarch64.manylinux_2_28_aarch64.whl", hash = "sha256:960d3ebcf249f75206899fcd2c6de53f736b7265759ced0d3e559df0b8b709b0"},
    {file = "pandas-3.0.5-cp314-cp314-manylinux_2_24_x86_64.manylinux_2_28_x86_64.whl", hash = "sha256:9e94c2c5ca43bd3ca32bf64d32308887b65e5f9bfd8023ea52755107a999f93b"},
    {file = "pandas-3.0.5-cp314-cp314-musllinux_1_2_aarch64.whl", hash = "sha256:e819dd5f62966b481a8cb649d3299ebd886a1ea91ed5a99bf7ce77c98d18ab94"},
    {file = "pandas-3.0.5-cp314-cp314-musllinux_1_2_x86_64.whl", hash = "sha256:3c5ed2e7c06e91d340dfd091d7934f9bc82e4a36b95f647f090b9d1c9ac649da"},
    {file = "pandas-3.0.5-cp314-cp314-win_amd64.whl", hash = "sha256:cd8f7c6dc98527058ee6264219343f5392240a6f1bfa654fc5d79023020d0c92"},
    {file = "pandas-3.0.5-cp314-cp314-win_arm64.whl", hash = "sha256:5183427f5a8156d480f30333777bc978be93650a49a7c01db26adffe95b31e85"},
    {file = "pandas-3.0.5-cp314-cp314t-macosx_10_15_x86_64.whl", hash = "sha256:303da736987d481074ca720ada325f8bd80c64ebc2d45ed79b29df3aaa4a26ca"},
    {file = "pandas-3.0.5-cp314-cp314t-macosx_11_0_arm64.whl", hash = "sha256:3b2801bbb049d0136f6c213eae02b5fca969384fc2064dd728d8620552aa49da"},
    {file = "pandas-3.0.5-cp314-cp314t-manylinux_2_24_aarch64.manylinux_2_28_aarch64.whl", hash = "sha256:cce3a9d11d2b1f82c69a27ec1f4948a170e2c403c4bbfa8cca62e3fdebe2ef3a"},
    {file = "pandas-3.0.5-cp314-cp314t-manylinux_2_24_x86_64.manylinux_2_28_x86_64.whl", hash = "sha256:ef01af4d8dc6cd2c8d6c7736f149574ef93fe043811eeb5e445f2647154b5040"},
    {file = "pandas-3.0.5-cp314-cp314t-musllinux_1_2_aarch64.whl", hash = "sha256:e2759e890db96dfcffdbd9b86c3c2cb6afaf58def482820317e06163ec1066cd"},
    {file = "pandas-3.0.5-cp314-cp314t-musllinux_1_2_x86_64.whl", hash = "sha256:b58b1b39d46a5862e3fb18f50d1a201398619d16a0f9f73f57eea5583cf0e63c"},
    {file = "pandas-3.0.5-cp314-cp314t-win_amd64.whl", hash = "sha256:1c10461f6eeb35d8f05b6184c65c8b9991663b66c46b1d559b682cb34ae7c6ea"},
    {file = "pandas-3.0.5-cp314-cp314t-win_arm64.whl", hash = "sha256:3c5015fd1730fbf883647e88068176c839c102cea883ba1769a6f4593bfc1f8c"},
    {file = "pandas-3.0.5.tar.gz", hash = "sha256:dca3734d6ab7c906e6730f0788b0a1dbb9f2467731f9711f77995c8e9d62d712"},
]

[package.dependencies]
numpy = [
    {version = ">=1.26.0", markers = "python_version < \"3.14\""},
    {version = ">=2.3.3", markers = "python_version >= \"3.14\""},
]
python-dateutil = ">=2.8.2"
tzdata = {version = "*", markers = "sys_platform == \"win32\" or sys_platform == \"emscripten\""}

[package.extras]
all = ["PyQt5 (>=5.15.9)", "SQLAlchemy (>=2.0.36)", "adbc-driver-postgresql (>=1.2.0)", "adbc-driver-sqlite (>=1.2.0)", "beautifulsoup4 (>=4.12.3)", "bottleneck (>=1.4.2)", "fastparquet (>=2024.11.0)", "fsspec (>=2024.10.0)", "gcsfs (>=2024.10.0)", "html5lib (>=1.1)", "hypothesis (>=6.116.0)", "jinja2 (>=3.1.5)", "lxml (>=5.3.0)", "matplotlib (>=3.9.3)", "numba (>=0.60.0)", "numexpr (>=2.10.2)", "odfpy (>=1.4.1)", "openpyxl (>=3.1.5)", "psycopg2 (>=2.9.10)", "pyarrow (>=13.0.0)", "pyiceberg (>=0.8.1)", "pymysql (>=1.1.1)", "pyreadstat (>=1.2.8)", "pytest (>=8.3.4)", "pytest-xdist (>=3.6.1)", "python-calamine (>=0.3.0)", "pytz (>=2020.1)", "pyxlsb (>=1.0.10)", "qtpy (>=2.4.2)", "s3fs (>=2024.10.0)", "scipy (>=1.14.1)", "tables (>=3.10.1)", "tabulate (>=0.9.0)", "xarray (>=2024.10.0)", "xlrd (>=2.0.1)", "xlsxwriter (>=3.2.0)", "zstandard (>=0.23.0)"]
aws = ["s3fs (>=2024.10.0)"]
clipboard = ["PyQt5 (>=5.15.9)", "qtpy (>=2.4.2)"]
compression = ["zstandard (>=0.23.0)"]
computation = ["scipy (>=1.14.1)", "xarray (>=2024.10.0)"]
excel = ["odfpy (>=1.4.1)", "openpyxl (>=3.1.5)", "python-calamine (>=0.3.0)", "pyxlsb (>=1.0.10)", "xlrd (>=2.0.1)", "xlsxwriter (>=3.2.0)"]
feather = ["pyarrow (>=13.0.0)"]
fss = ["fsspec (>=2024.10.0)"]
gcp = ["gcsfs (>=2024.10.0)"]
hdf5 = ["tables (>=3.10.1)"]
html = ["beautifulsoup4 (>=4.12.3)", "html5lib (>=1.1)", "lxml (>=5.3.0)"]
iceberg = ["pyiceberg (>=0.8.1)"]
mysql = ["SQLAlchemy (>=2.0.36)", "pymysql (>=1.1.1)"]
output-formatting = ["jinja2 (>=3.1.5)", "tabulate (>=0.9.0)"]
parquet = ["pyarrow (>=13.0.0)"]
performance = ["bottleneck (>=1.4.2)", "numba (>=0.60.0)", "numexpr (>=2.10.2)"]
plot = ["matplotlib (>=3.9.3)"]
postgresql = ["SQLAlchemy (>=2.0.36)", "adbc-driver-postgresql (>=1.2.0)", "psycopg2 (>=2.9.10)"]
pyarrow = ["pyarrow (>=13.0.0)"]
spss = ["pyreadstat (>=1.2.8)"]
sql-other = ["SQLAlchemy (>=2.0.36)", "adbc-driver-postgresql (>=1.2.0)", "adbc-driver-sqlite (>=1.2.0)"]
test = ["hypothesis (>=6.116.0)", "pytest (>=8.3.4,<9.1)", "pytest-xdist (>=3.6.1)"]
timezone = ["pytz (>=2020.1)"]
xml = ["lxml (>=5.3.0)"]

[[package]]
name = "pluggy"
version = "1.6.0"
description = "plugin and hook calling mechanisms for python"
optional = false
python-versions = ">=3.9"
groups = ["test"]
files = [
    {file = "pluggy-1.6.0-py3-none-any.whl", hash = "sha256:e920276dd6813095e9377c0bc5566d94c932c33b27a3e3945d8389c374dd4746"},
    {file = "pluggy-1.6.0.tar.gz", hash = "sha256:7dcc130b76258d33b90f61b658791dede3486c3e6bfb003ee5c9bfb396dd22f3"},
]

[package.extras]
dev = ["pre-commit", "tox"]
testing = ["coverage", "pytest", "pytest-benchmark"]

[[package]]
name = "pygments"
version = "2.20.0"
description = "Pygments is a syntax highlighting package written in Python."
optional = false
python-versions = ">=3.9"
groups = ["test"]
files = [
    {file = "pygments-2.20.0-py3-none-any.whl", hash = "sha256:81a9e26dd42fd28a23a2d169d86d7ac03b46e2f8b59ed4698fb4785f946d0176"},
    {file = "pygments-2.20.0.tar.gz", hash = "sha256:6757cd03768053ff99f3039c1a36d6c0aa0b263438fcab17520b30a303a82b5f"},
]

[package.extras]
windows-terminal = ["colorama (>=0.4.6)"]

[[package]]
name = "pytest"
version = "9.1.1"
description = "pytest: simple powerful testing with Python"
optional = false
python-versions = ">=3.10"
groups = ["test"]
files = [
    {file = "pytest-9.1.1-py3-none-any.whl", hash = "sha256:37a86b45efb9a47a61a36449063e8e18d0cab3161329fc099eb21783169c4f0c"},
    {file = "pytest-9.1.1.tar.gz", hash = "sha256:1088fbde8f2b49d95a549a195707afa7a76a3ce9bcadc26b6d71f0ffda5fe313"},
]

[package.dependencies]
colorama = {version = ">=0.4", markers = "sys_platform == \"win32\""}
iniconfig = ">=1.0.1"
packaging = ">=22"
pluggy = ">=1.5,<2"
pygments = ">=2.7.2"

[package.extras]
dev = ["argcomplete", "attrs (>=19.2)", "hypothesis (>=3.56)", "mock", "requests", "setuptools", "xmlschema"]

[[package]]
name = "python-dateutil"
version = "2.8.2"
description = "Extensions to the standard Python datetime module"
optional = false
python-versions = "!=3.0.*,!=3.1.*,!=3.2.*,>=2.7"
groups = ["main"]
files = [
    {file = "python-dateutil-2.8.2.tar.gz", hash = "sha256:0123cacc1627ae19ddf3c27a5de5bd67ee4586fbdd6440d9748f8abb483d3e86"},
    {file = "python_dateutil-2.8.2-py2.py3-none-any.whl", hash = "sha256:961d03dc3453ebbc59dbdea9e4e11c5651520a876d0f4db161e8674aae935da9"},
]

[package.dependencies]
six = ">=1.5"

[[package]]
name = "pyyaml"
version = "6.0.1"
description = "YAML parser and emitter for Python"
optional = false
python-versions = ">=3.6"
groups = ["main"]
files = [
    {file = "PyYAML-6.0.1-cp310-cp310-macosx_10_9_x86_64.whl", hash = "sha256:d858aa552c999bc8a8d57426ed01e40bef403cd8ccdd0fc5f6f04a00414cac2a"},
    {file = "PyYAML-6.0.1-cp310-cp310-macosx_11_0_arm64.whl", hash = "sha256:fd66fc5d0da6d9815ba2cebeb4205f95818ff4b79c3ebe268e75d961704af52f"},
    {file = "PyYAML-6.0.1-cp310-cp310-manylinux_2_17_aarch64.manylinux2014_aarch64.whl", hash = "sha256:69b023b2b4daa7548bcfbd4aa3da05b3a74b772db9e23b982788168117739938"},
    {file = "PyYAML-6.0.1-cp310-cp310-manylinux_2_17_s390x.manylinux2014_s390x.whl", hash = "sha256:81e0b275a9ecc9c0c0c07b4b90ba548307583c125f54d5b6946cfee6360c733d"},
    {file = "PyYAML-6.0.1-cp310-cp310-manylinux_2_17_x86_64.manylinux2014_x86_64.whl", hash = "sha256:ba336e390cd8e4d1739f42dfe9bb83a3cc2e80f567d8805e11b46f4a943f5515"},
    {file = "PyYAML-6.0.1-cp310-cp310-musllinux_1_1_x86_64.whl", hash = "sha256:326c013efe8048858a6d312ddd31d56e468118ad4cdeda36c719bf5bb6192290"},
    {file = "PyYAML-6.0.1-cp310-cp310-win32.whl", hash = "sha256:bd4af7373a854424dabd882decdc5579653d7868b8fb26dc7d0e99f823aa5924"},
    {file = "PyYAML-6.0.1-cp310-cp310-win_amd64.whl", hash = "sha256:fd1592b3fdf65fff2ad0004b5e363300ef59ced41c2e6b3a99d4089fa8c5435d"},
    {file = "PyYAML-6.0.1-cp311-cp311-macosx_10_9_x86_64.whl", hash = "sha256:6965a7bc3cf88e5a1c3bd2e0b5c22f8d677dc88a455344035f03399034eb3007"},
    {file = "PyYAML-6.0.1-cp311-cp311-macosx_11_0_arm64.whl", hash = "sha256:f003ed9ad21d6a4713f0a9b5a7a0a79e08dd0f221aff4525a2be4c346ee60aab"},
    {file = "PyYAML-6.0.1-cp311-cp311-manylinux_2_17_aarch64.manylinux2014_aarch64.whl", hash = "sha256:42f8152b8dbc4fe7d96729ec2b99c7097d656dc1213a3229ca5383f973a5ed6d"},
    {file = "PyYAML-6.0.1-cp311-cp311-manylinux_2_17_s390x.manylinux2014_s390x.whl", hash = "sha256:062582fca9fabdd2c8b54a3ef1c978d786e0f6b3a1510e0ac93ef59e0ddae2bc"},
    {file = "PyYAML-6.0.1-cp311-cp311-manylinux_2_17_x86_64.manylinux2014_x86_64.whl", hash = "sha256:d2b04aac4d386b172d5b9692e2d2da8de7bfb6c387fa4f801fbf6fb2e6ba4673"},
    {file = "PyYAML-6.0.1-cp311-cp311-musllinux_1_1_x86_64.whl", hash = "sha256:e7d73685e87afe9f3b36c799222440d6cf362062f78be1013661b00c5c6f678b"},
    {file = "PyYAML-6.0.1-cp311-cp311-win32.whl", hash = "sha256:1635fd110e8d85d55237ab316b5b011de701ea0f29d07611174a1b42f1444741"},
    {file = "PyYAML-6.0.1-cp311-cp311-win_amd64.whl", hash = "sha256:bf07ee2fef7014951eeb99f56f39c9bb4af143d8aa3c21b1677805985307da34"},
    {file = "PyYAML-6.0.1-cp312-cp312-macosx_10_9_x86_64.whl", hash = "sha256:855fb52b0dc35af121542a76b9a84f8d1cd886ea97c84703eaa6d88e37a2ad28"},
    {file = "PyYAML-6.0.1-cp312-cp312-macosx_11_0_arm64.whl", hash = "sha256:40df9b996c2b73138957fe23a16a4f0ba614f4c0efce1e9406a184b6d07fa3a9"},
    {file = "PyYAML-6.0.1-cp312-cp312-manylinux_2_17_aarch64.manylinux2014_aarch64.whl", hash = "sha256:a08c6f0fe150303c1c6b71ebcd7213c2858041a7e01975da3a99aed1e7a378ef"},
    {file = "PyYAML-6.0.1-cp312-cp312-manylinux_2_17_x86_64.manylinux2014_x86_64.whl", hash = "sha256:6c22bec3fbe2524cde73d7ada88f6566758a8f7227bfbf93a408a9d86bcc12a0"},
    {file = "PyYAML-6.0.1-cp312-cp312-musllinux_1_1_x86_64.whl", hash = "sha256:8d4e9c88387b0f5c7d5f281e55304de64cf7f9c0021a3525bd3b1c542da3b0e4"},
    {file = "PyYAML-6.0.1-cp312-cp312-win32.whl", hash = "sha256:d483d2cdf104e7c9fa60c544d92981f12ad66a457afae824d146093b8c294c54"},
    {file = "PyYAML-6.0.1-cp312-cp312-win_amd64.whl", hash = "sha256:0d3304d8c0adc42be59c5f8a4d9e3d7379e6955ad754aa9d6ab7a398b59dd1df"},
    {file = "PyYAML-6.0.1-cp36-cp36m-macosx_10_9_x86_64.whl", hash = "sha256:50550eb667afee136e9a77d6dc71ae76a44df8b3e51e41b77f6de2932bfe0f47"},
    {file = "PyYAML-6.0.1-cp36-cp36m-manylinux_2_17_aarch64.manylinux2014_aarch64.whl", hash = "sha256:1fe35611261b29bd1de0070f0b2f47cb6ff71fa6595c077e42bd0c419fa27b98"},
    {file = "PyYAML-6.0.1-cp36-cp36m-manylinux_2_17_s390x.manylinux2014_s390x.whl", hash = "sha256:704219a11b772aea0d8ecd7058d0082713c3562b4e271b849ad7dc4a5c90c13c"},
    {file = "PyYAML-6.0.1-cp36-cp36m-manylinux_2_17_x86_64.manylinux2014_x86_64.whl", hash = "sha256:afd7e57eddb1a54f0f1a974bc4391af8bcce0b444685d936840f125cf046d5bd"},
    {file = "PyYAML-6.0.1-cp36-cp36m-win32.whl", hash = "sha256:fca0e3a251908a499833aa292323f32437106001d436eca0e6e7833256674585"},
    {file = "PyYAML-6.0.1-cp36-cp36m-win_amd64.whl", hash = "sha256:f22ac1c3cac4dbc50079e965eba2c1058622631e526bd9afd45fedd49ba781fa"},
    {file = "PyYAML-6.0.1-cp37-cp37m-macosx_10_9_x86_64.whl", hash = "sha256:b1275ad35a5d18c62a7220633c913e1b42d44b46ee12554e5fd39c70a243d6a3"},
    {file = "PyYAML-6.0.1-cp37-cp37m-manylinux_2_17_aarch64.manylinux2014_aarch64.whl", hash = "sha256:18aeb1bf9a78867dc38b259769503436b7c72f7a1f1f4c93ff9a17de54319b27"},
    {file = "PyYAML-6.0.1-cp37-cp37m-manylinux_2_17_s390x.manylinux2014_s390x.whl", hash = "sha256:596106435fa6ad000c2991a98fa58eeb8656ef2325d7e158344fb33864ed87e3"},
    {file = "PyYAML-6.0.1-cp37-cp37m-manylinux_2_17_x86_64.manylinux2014_x86_64.whl", hash = "sha256:baa90d3f661d43131ca170712d903e6295d1f7a0f595074f151c0aed377c9b9c"},
    {file = "PyYAML-6.0.1-cp37-cp37m-win32.whl", hash = "sha256:9046c58c4395dff28dd494285c82ba00b546adfc7ef001486fbf0324bc174fba"},
    {file = "PyYAML-6.0.1-cp37-cp37m-win_amd64.whl", hash = "sha256:4fb147e7a67ef577a588a0e2c17b6db51dda102c71de36f8549b6816a96e1867"},
    {file = "PyYAML-6.0.1-cp38-cp38-macosx_10_9_x86_64.whl", hash = "sha256:1d4c7e777c441b20e32f52bd377e0c409713e8bb1386e1099c2415f26e479595"},
    {file = "PyYAML-6.0.1-cp38-cp38-manylinux_2_17_aarch64.manylinux2014_aarch64.whl", hash = "sha256:a0cd17c15d3bb3fa06978b4e8958dcdc6e0174ccea823003a106c7d4d7899ac5"},
    {file = "PyYAML-6.0.1-cp38-cp38-manylinux_2_17_s390x.manylinux2014_s390x.whl", hash = "sha256:28c119d996beec18c05208a8bd78cbe4007878c6dd15091efb73a30e90539696"},
    {file = "PyYAML-6.0.1-cp38-cp38-manylinux_2_17_x86_64.manylinux2014_x86_64.whl", hash = "sha256:7e07cbde391ba96ab58e532ff4803f79c4129397514e1413a7dc761ccd755735"},
    {file = "PyYAML-6.0.1-cp38-cp38-musllinux_1_1_x86_64.whl", hash = "sha256:49a183be227561de579b4a36efbb21b3eab9651dd81b1858589f796549873dd6"},
    {file = "PyYAML-6.0.1-cp38-cp38-win32.whl", hash = "sha256:184c5108a2aca3c5b3d3bf9395d50893a7ab82a38004c8f61c258d4428e80206"},
    {file = "PyYAML-6.0.1-cp38-cp38-win_amd64.whl", hash = "sha256:1e2722cc9fbb45d9b87631ac70924c11d3a401b2d7f410cc0e3bbf249f2dca62"},
    {file = "PyYAML-6.0.1-cp39-cp39-macosx_10_9_x86_64.whl", hash = "sha256:9eb6caa9a297fc2c2fb8862bc5370d0303ddba53ba97e71f08023b6cd73d16a8"},
    {file = "PyYAML-6.0.1-cp39-cp39-macosx_11_0_arm64.whl", hash = "sha256:c8098ddcc2a85b61647b2590f825f3db38891662cfc2fc776415143f599bb859"},
    {file = "PyYAML-6.0.1-cp39-cp39-manylinux_2_17_aarch64.manylinux2014_aarch64.whl", hash = "sha256:5773183b6446b2c99bb77e77595dd486303b4faab2b086e7b17bc6bef28865f6"},
    {file = "PyYAML-6.0.1-cp39-cp39-manylinux_2_17_s390x.manylinux2014_s390x.whl", hash = "sha256:b786eecbdf8499b9ca1d697215862083bd6d2a99965554781d0d8d1ad31e13a0"},
    {file = "PyYAML-6.0.1-cp39-cp39-manylinux_2_17_x86_64.manylinux2014_x86_64.whl", hash = "sha256:bc1bf2925a1ecd43da378f4db9e4f799775d6367bdb94671027b73b393a7c42c"},
    {file = "PyYAML-6.0.1-cp39-cp39-musllinux_1_1_x86_64.whl", hash = "sha256:04ac92ad1925b2cff1db0cfebffb6ffc43457495c9b3c39d3fcae417d7125dc5"},
    {file = "PyYAML-6.0.1-cp39-cp39-win32.whl", hash = "sha256:faca3bdcf85b2fc05d06ff3fbc1f83e1391b3e724afa3feba7d13eeab355484c"},
    {file = "PyYAML-6.0.1-cp39-cp39-win_amd64.whl", hash = "sha256:510c9deebc5c0225e8c96813043e62b680ba2f9c50a08d3724c7f28a747d1486"},
    {file = "PyYAML-6.0.1.tar.gz", hash = "sha256:bfdf460b1736c775f2ba9f6a92bca30bc2095067b8a9d77876d1fad6cc3b4a43"},
]

[[package]]
name = "six"
version = "1.16.0"
description = "Python 2 and 3 compatibility utilities"
optional = false
python-versions = ">=2.7, !=3.0.*, !=3.1.*, !=3.2.*"
groups = ["main"]
files = [
    {file = "six-1.16.0-py2.py3-none-any.whl", hash = "sha256:8abb2f1d86890a2dfb989f9a77cfcfd3e47c2a354b01111771326f8aa26e0254"},
    {file = "six-1.16.0.tar.gz", hash = "sha256:1e61c37477a1626458e36f7b1d82aa5c9b094fa4802892072e49de9c60c4c926"},
]

[[package]]
name = "tzdata"
version = "2026.3"
description = "Provider of IANA time zone data"
optional = false
python-versions = ">=2"
groups = ["main"]
markers = "sys_platform == \"win32\" or sys_platform == \"emscripten\""
files = [
    {file = "tzdata-2026.3-py2.py3-none-any.whl", hash = "sha256:dc096730c87af6cab1b171c9d532be840741ff5d459015e7f6947bd7d7e54931"},
    {file = "tzdata-2026.3.tar.gz", hash = "sha256:4a1518b8993086a7982523e071643f3c0e5f213e75b21318e78bcabfff9d1415"},
]

[metadata]
lock-version = "2.1"
python-versions = ">=3.11"
content-hash = "ba9812fb2b17e716e1ac09d77e2c51a6624d89f758f9ea94a30c50f27034863e"
